
Microsoft Visual Studio Solution File, Format Version 12.00
# Visual Studio Version 17
VisualStudioVersion = 17.12.35707.178 d17.12
MinimumVisualStudioVersion = 10.0.40219.1
Project("{8BC9CEB8-8B4A-11D0-8D11-00A0C91BC942}") = "Task 1", "Task 1.vcxproj", "{C42A30A9-F411-40C8-86AF-78DC71A937A7}"
EndProject
Project("{8BC9CEB8-8B4A-11D0-8D11-00A0C91BC942}") = "StaticLibGreeter", "StaticLib\StaticLib.vcxproj", "{D78A13A3-2CDC-47B6-B892-ABBCE732BB4B}"
EndProject
Global
	GlobalSection(SolutionConfigurationPlatforms) = preSolution
		Debug|x64 = Debug|x64
		Debug|x86 = Debug|x86
		Release|x64 = Release|x64
		Release|x86 = Release|x86
	EndGlobalSection
	GlobalSection(ProjectConfigurationPlatforms) = postSolution
		{C42A30A9-F411-40C8-86AF-78DC71A937A7}.Debug|x64.ActiveCfg = Debug|x64
		{C42A30A9-F411-40C8-86AF-78DC71A937A7}.Debug|x64.Build.0 = Debug|x64
		{C42A30A9-F411-40C8-86AF-78DC71A937A7}.Debug|x86.ActiveCfg = Debug|Win32
		{C42A30A9-F411-40C8-86AF-78DC71A937A7}.Debug|x86.Build.0 = Debug|Win32
		{C42A30A9-F411-40C8-86AF-78DC71A937A7}.Release|x64.ActiveCfg = Release|x64
		{C42A30A9-F411-40C8-86AF-78DC71A937A7}.Release|x64.Build.0 = Release|x64
		{C42A30A9-F411-40C8-86AF-78DC71A937A7}.Release|x86.ActiveCfg = Release|Win32
		{C42A30A9-F411-40C8-86AF-78DC71A937A7}.Release|x86.Build.0 = Release|Win32
		{D78A13A3-2CDC-47B6-B892-ABBCE732BB4B}.Debug|x64.ActiveCfg = Debug|x64
		{D78A13A3-2CDC-47B6-B892-ABBCE732BB4B}.Debug|x64.Build.0 = Debug|x64
		{D78A13A3-2CDC-47B6-B892-ABBCE732BB4B}.Debug|x86.ActiveCfg = Debug|Win32
		{D78A13A3-2CDC-47B6-B892-ABBCE732BB4B}.Debug|x86.Build.0 = Debug|Win32
		{D78A13A3-2CDC-47B6-B892-ABBCE732BB4B}.Release|x64.ActiveCfg = Release|x64
		{D78A13A3-2CDC-47B6-B892-ABBCE732BB4B}.Release|x64.Build.0 = Release|x64
		{D78A13A3-2CDC-47B6-B892-ABBCE732BB4B}.Release|x86.ActiveCfg = Release|Win32
		{D78A13A3-2CDC-47B6-B892-ABBCE732BB4B}.Release|x86.Build.0 = Release|Win32
	EndGlobalSection
	GlobalSection(SolutionProperties) = preSolution
		HideSolutionNode = FALSE
	EndGlobalSection
EndGlobal
